
Microsoft Visual Studio Solution File, Format Version 12.00
# Visual Studio Version 16
VisualStudioVersion = 16.0.31105.61
MinimumVisualStudioVersion = 10.0.40219.1
Project("{FAE04EC0-301F-11D3-BF4B-00C04F79EFBC}") = "DigitalDistribution", "DigitalDistribution\DigitalDistribution.csproj", "{ABDBC9CE-6B98-4E57-9ADA-52F4A2B12BDF}"
EndProject
Global
	GlobalSection(SolutionConfigurationPlatforms) = preSolution
		Debug|Any CPU = Debug|Any CPU
		Release|Any CPU = Release|Any CPU
	EndGlobalSection
	GlobalSection(ProjectConfigurationPlatforms) = postSolution
		{ABDBC9CE-6B98-4E57-9ADA-52F4A2B12BDF}.Debug|Any CPU.ActiveCfg = Debug|Any CPU
		{ABDBC9CE-6B98-4E57-9ADA-52F4A2B12BDF}.Debug|Any CPU.Build.0 = Debug|Any CPU
		{ABDBC9CE-6B98-4E57-9ADA-52F4A2B12BDF}.Release|Any CPU.ActiveCfg = Release|Any CPU
		{ABDBC9CE-6B98-4E57-9ADA-52F4A2B12BDF}.Release|Any CPU.Build.0 = Release|Any CPU
	EndGlobalSection
	GlobalSection(SolutionProperties) = preSolution
		HideSolutionNode = FALSE
	EndGlobalSection
	GlobalSection(ExtensibilityGlobals) = postSolution
		SolutionGuid = {23A1472C-8889-4676-9B7C-64D36F934E67}
	EndGlobalSection
EndGlobal
